// !$*UTF8*$!
{
	archiveVersion = 1;
	classes = {
	};
	objectVersion = 55;
	objects = {

/* Begin PBXBuildFile section */
		A52F776CACBACCC416CEDEAD /* Pods_VargasSnapchat.framework in Frameworks */ = {isa = PBXBuildFile; fileRef = 6B28EC121707FFBB003995CC /* Pods_VargasSnapchat.framework */; };
		F48E0C6D2A27887800991305 /* AppDelegate.swift in Sources */ = {isa = PBXBuildFile; fileRef = F48E0C6C2A27887800991305 /* AppDelegate.swift */; };
		F48E0C6F2A27887800991305 /* SceneDelegate.swift in Sources */ = {isa = PBXBuildFile; fileRef = F48E0C6E2A27887800991305 /* SceneDelegate.swift */; };
		F48E0C712A27887900991305 /* iniciarSesionViewController.swift in Sources */ = {isa = PBXBuildFile; fileRef = F48E0C702A27887800991305 /* iniciarSesionViewController.swift */; };
		F48E0C742A27887900991305 /* Main.storyboard in Resources */ = {isa = PBXBuildFile; fileRef = F48E0C722A27887900991305 /* Main.storyboard */; };
		F48E0C762A27887D00991305 /* Assets.xcassets in Resources */ = {isa = PBXBuildFile; fileRef = F48E0C752A27887D00991305 /* Assets.xcassets */; };
		F48E0C792A27887D00991305 /* LaunchScreen.storyboard in Resources */ = {isa = PBXBuildFile; fileRef = F48E0C772A27887D00991305 /* LaunchScreen.storyboard */; };
		F48E0C812A278FDA00991305 /* GoogleService-Info.plist in Resources */ = {isa = PBXBuildFile; fileRef = F48E0C802A278FDA00991305 /* GoogleService-Info.plist */; };
/* End PBXBuildFile section */

/* Begin PBXFileReference section */
		6B28EC121707FFBB003995CC /* Pods_VargasSnapchat.framework */ = {isa = PBXFileReference; explicitFileType = wrapper.framework; includeInIndex = 0; path = Pods_VargasSnapchat.framework; sourceTree = BUILT_PRODUCTS_DIR; };
		ADC3C6C05CFDFAA4166E9CEF /* Pods-VargasSnapchat.release.xcconfig */ = {isa = PBXFileReference; includeInIndex = 1; lastKnownFileType = text.xcconfig; name = "Pods-VargasSnapchat.release.xcconfig"; path = "Target Support Files/Pods-VargasSnapchat/Pods-VargasSnapchat.release.xcconfig"; sourceTree = "<group>"; };
		F48E0C692A27887800991305 /* VargasSnapchat.app */ = {isa = PBXFileReference; explicitFileType = wrapper.application; includeInIndex = 0; path = VargasSnapchat.app; sourceTree = BUILT_PRODUCTS_DIR; };
		F48E0C6C2A27887800991305 /* AppDelegate.swift */ = {isa = PBXFileReference; lastKnownFileType = sourcecode.swift; path = AppDelegate.swift; sourceTree = "<group>"; };
		F48E0C6E2A27887800991305 /* SceneDelegate.swift */ = {isa = PBXFileReference; lastKnownFileType = sourcecode.swift; path = SceneDelegate.swift; sourceTree = "<group>"; };
		F48E0C702A27887800991305 /* iniciarSesionViewController.swift */ = {isa = PBXFileReference; lastKnownFileType = sourcecode.swift; path = iniciarSesionViewController.swift; sourceTree = "<group>"; };
		F48E0C732A27887900991305 /* Base */ = {isa = PBXFileReference; lastKnownFileType = file.storyboard; name = Base; path = Base.lproj/Main.storyboard; sourceTree = "<group>"; };
		F48E0C752A27887D00991305 /* Assets.xcassets */ = {isa = PBXFileReference; lastKnownFileType = folder.assetcatalog; path = Assets.xcassets; sourceTree = "<group>"; };
		F48E0C782A27887D00991305 /* Base */ = {isa = PBXFileReference; lastKnownFileType = file.storyboard; name = Base; path = Base.lproj/LaunchScreen.storyboard; sourceTree = "<group>"; };
		F48E0C7A2A27887D00991305 /* Info.plist */ = {isa = PBXFileReference; lastKnownFileType = text.plist.xml; path = Info.plist; sourceTree = "<group>"; };
		F48E0C802A278FDA00991305 /* GoogleService-Info.plist */ = {isa = PBXFileReference; fileEncoding = 4; lastKnownFileType = text.plist.xml; path = "GoogleService-Info.plist"; sourceTree = "<group>"; };
		FEE79CF6B7091C5C529D2203 /* Pods-VargasSnapchat.debug.xcconfig */ = {isa = PBXFileReference; includeInIndex = 1; lastKnownFileType = text.xcconfig; name = "Pods-VargasSnapchat.debug.xcconfig"; path = "Target Support Files/Pods-VargasSnapchat/Pods-VargasSnapchat.debug.xcconfig"; sourceTree = "<group>"; };
/* End PBXFileReference section */

/* Begin PBXFrameworksBuildPhase section */
		F48E0C662A27887800991305 /* Frameworks */ = {
			isa = PBXFrameworksBuildPhase;
			buildActionMask = 2147483647;
			files = (
				A52F776CACBACCC416CEDEAD /* Pods_VargasSnapchat.framework in Frameworks */,
			);
			runOnlyForDeploymentPostprocessing = 0;
		};
/* End PBXFrameworksBuildPhase section */

/* Begin PBXGroup section */
		534F0B4BFC579397DDE317DA /* Frameworks */ = {
			isa = PBXGroup;
			children = (
				6B28EC121707FFBB003995CC /* Pods_VargasSnapchat.framework */,
			);
			name = Frameworks;
			sourceTree = "<group>";
		};
		AB5174A4D37B82C3567DB1EB /* Pods */ = {
			isa = PBXGroup;
			children = (
				FEE79CF6B7091C5C529D2203 /* Pods-VargasSnapchat.debug.xcconfig */,
				ADC3C6C05CFDFAA4166E9CEF /* Pods-VargasSnapchat.release.xcconfig */,
			);
			path = Pods;
			sourceTree = "<group>";
		};
		F48E0C602A27887800991305 = {
			isa = PBXGroup;
			children = (
				F48E0C6B2A27887800991305 /* VargasSnapchat */,
				F48E0C6A2A27887800991305 /* Products */,
				AB5174A4D37B82C3567DB1EB /* Pods */,
				534F0B4BFC579397DDE317DA /* Frameworks */,
			);
			sourceTree = "<group>";
		};
		F48E0C6A2A27887800991305 /* Products */ = {
			isa = PBXGroup;
			children = (
				F48E0C692A27887800991305 /* VargasSnapchat.app */,
			);
			name = Products;
			sourceTree = "<group>";
		};
		F48E0C6B2A27887800991305 /* VargasSnapchat */ = {
			isa = PBXGroup;
			children = (
				F48E0C6C2A27887800991305 /* AppDelegate.swift */,
				F48E0C6E2A27887800991305 /* SceneDelegate.swift */,
				F48E0C702A27887800991305 /* iniciarSesionViewController.swift */,
				F48E0C722A27887900991305 /* Main.storyboard */,
				F48E0C752A27887D00991305 /* Assets.xcassets */,
				F48E0C772A27887D00991305 /* LaunchScreen.storyboard */,
				F48E0C7A2A27887D00991305 /* Info.plist */,
				F48E0C802A278FDA00991305 /* GoogleService-Info.plist */,
			);
			path = VargasSnapchat;
			sourceTree = "<group>";
		};
/* End PBXGroup section */

/* Begin PBXNativeTarget section */
		F48E0C682A27887800991305 /* VargasSnapchat */ = {
			isa = PBXNativeTarget;
			buildConfigurationList = F48E0C7D2A27887D00991305 /* Build configuration list for PBXNativeTarget "VargasSnapchat" */;
			buildPhases = (
				928C39FE0978277E9EAFEBA9 /* [CP] Check Pods Manifest.lock */,
				F48E0C652A27887800991305 /* Sources */,
				F48E0C662A27887800991305 /* Frameworks */,
				F48E0C672A27887800991305 /* Resources */,
				3E9CDEA0839EB9DA84CAE19A /* [CP] Embed Pods Frameworks */,
			);
			buildRules = (
			);
			dependencies = (
			);
			name = VargasSnapchat;
			productName = VargasSnapchat;
			productReference = F48E0C692A27887800991305 /* VargasSnapchat.app */;
			productType = "com.apple.product-type.application";
		};
/* End PBXNativeTarget section */

/* Begin PBXProject section */
		F48E0C612A27887800991305 /* Project object */ = {
			isa = PBXProject;
			attributes = {
				BuildIndependentTargetsInParallel = 1;
				LastSwiftUpdateCheck = 1340;
				LastUpgradeCheck = 1340;
				TargetAttributes = {
					F48E0C682A27887800991305 = {
						CreatedOnToolsVersion = 13.4.1;
					};
				};
			};
			buildConfigurationList = F48E0C642A27887800991305 /* Build configuration list for PBXProject "VargasSnapchat" */;
			compatibilityVersion = "Xcode 13.0";
			developmentRegion = en;
			hasScannedForEncodings = 0;
			knownRegions = (
				en,
				Base,
			);
			mainGroup = F48E0C602A27887800991305;
			productRefGroup = F48E0C6A2A27887800991305 /* Products */;
			projectDirPath = "";
			projectRoot = "";
			targets = (
				F48E0C682A27887800991305 /* VargasSnapchat */,
			);
		};
/* End PBXProject section */

/* Begin PBXResourcesBuildPhase section */
		F48E0C672A27887800991305 /* Resources */ = {
			isa = PBXResourcesBuildPhase;
			buildActionMask = 2147483647;
			files = (
				F48E0C792A27887D00991305 /* LaunchScreen.storyboard in Resources */,
				F48E0C812A278FDA00991305 /* GoogleService-Info.plist in Resources */,
				F48E0C762A27887D00991305 /* Assets.xcassets in Resources */,
				F48E0C742A27887900991305 /* Main.storyboard in Resources */,
			);
			runOnlyForDeploymentPostprocessing = 0;
		};
/* End PBXResourcesBuildPhase section */

/* Begin PBXShellScriptBuildPhase section */
		3E9CDEA0839EB9DA84CAE19A /* [CP] Embed Pods Frameworks */ = {
			isa = PBXShellScriptBuildPhase;
			buildActionMask = 2147483647;
			files = (
			);
			inputFileListPaths = (
				"${PODS_ROOT}/Target Support Files/Pods-VargasSnapchat/Pods-VargasSnapchat-frameworks-${CONFIGURATION}-input-files.xcfilelist",
			);
			name = "[CP] Embed Pods Frameworks";
			outputFileListPaths = (
				"${PODS_ROOT}/Target Support Files/Pods-VargasSnapchat/Pods-VargasSnapchat-frameworks-${CONFIGURATION}-output-files.xcfilelist",
			);
			runOnlyForDeploymentPostprocessing = 0;
			shellPath = /bin/sh;
			shellScript = "\"${PODS_ROOT}/Target Support Files/Pods-VargasSnapchat/Pods-VargasSnapchat-frameworks.sh\"\n";
			showEnvVarsInLog = 0;
		};
		928C39FE0978277E9EAFEBA9 /* [CP] Check Pods Manifest.lock */ = {
			isa = PBXShellScriptBuildPhase;
			buildActionMask = 2147483647;
			files = (
			);
			inputFileListPaths = (
			);
			inputPaths = (
				"${PODS_PODFILE_DIR_PATH}/Podfile.lock",
				"${PODS_ROOT}/Manifest.lock",
			);
			name = "[CP] Check Pods Manifest.lock";
			outputFileListPaths = (
			);
			outputPaths = (
				"$(DERIVED_FILE_DIR)/Pods-VargasSnapchat-checkManifestLockResult.txt",
			);
			runOnlyForDeploymentPostprocessing = 0;
			shellPath = /bin/sh;
			shellScript = "diff \"${PODS_PODFILE_DIR_PATH}/Podfile.lock\" \"${PODS_ROOT}/Manifest.lock\" > /dev/null\nif [ $? != 0 ] ; then\n    # print error to STDERR\n    echo \"error: The sandbox is not in sync with the Podfile.lock. Run 'pod install' or update your CocoaPods installation.\" >&2\n    exit 1\nfi\n# This output is used by Xcode 'outputs' to avoid re-running this script phase.\necho \"SUCCESS\" > \"${SCRIPT_OUTPUT_FILE_0}\"\n";
			showEnvVarsInLog = 0;
		};
/* End PBXShellScriptBuildPhase section */

/* Begin PBXSourcesBuildPhase section */
		F48E0C652A27887800991305 /* Sources */ = {
			isa = PBXSourcesBuildPhase;
			buildActionMask = 2147483647;
			files = (
				F48E0C712A27887900991305 /* iniciarSesionViewController.swift in Sources */,
				F48E0C6D2A27887800991305 /* AppDelegate.swift in Sources */,
				F48E0C6F2A27887800991305 /* SceneDelegate.swift in Sources */,
			);
			runOnlyForDeploymentPostprocessing = 0;
		};
/* End PBXSourcesBuildPhase section */

/* Begin PBXVariantGroup section */
		F48E0C722A27887900991305 /* Main.storyboard */ = {
			isa = PBXVariantGroup;
			children = (
				F48E0C732A27887900991305 /* Base */,
			);
			name = Main.storyboard;
			sourceTree = "<group>";
		};
		F48E0C772A27887D00991305 /* LaunchScreen.storyboard */ = {
			isa = PBXVariantGroup;
			children = (
				F48E0C782A27887D00991305 /* Base */,
			);
			name = LaunchScreen.storyboard;
			sourceTree = "<group>";
		};
/* End PBXVariantGroup section */

/* Begin XCBuildConfiguration section */
		F48E0C7B2A27887D00991305 /* Debug */ = {
			isa = XCBuildConfiguration;
			buildSettings = {
				ALWAYS_SEARCH_USER_PATHS = NO;
				CLANG_ANALYZER_NONNULL = YES;
				CLANG_ANALYZER_NUMBER_OBJECT_CONVERSION = YES_AGGRESSIVE;
				CLANG_CXX_LANGUAGE_STANDARD = "gnu++17";
				CLANG_ENABLE_MODULES = YES;
				CLANG_ENABLE_OBJC_ARC = YES;
				CLANG_ENABLE_OBJC_WEAK = YES;
				CLANG_WARN_BLOCK_CAPTURE_AUTORELEASING = YES;
				CLANG_WARN_BOOL_CONVERSION = YES;
				CLANG_WARN_COMMA = YES;
				CLANG_WARN_CONSTANT_CONVERSION = YES;
				CLANG_WARN_DEPRECATED_OBJC_IMPLEMENTATIONS = YES;
				CLANG_WARN_DIRECT_OBJC_ISA_USAGE = YES_ERROR;
				CLANG_WARN_DOCUMENTATION_COMMENTS = YES;
				CLANG_WARN_EMPTY_BODY = YES;
				CLANG_WARN_ENUM_CONVERSION = YES;
				CLANG_WARN_INFINITE_RECURSION = YES;
				CLANG_WARN_INT_CONVERSION = YES;
				CLANG_WARN_NON_LITERAL_NULL_CONVERSION = YES;
				CLANG_WARN_OBJC_IMPLICIT_RETAIN_SELF = YES;
				CLANG_WARN_OBJC_LITERAL_CONVERSION = YES;
				CLANG_WARN_OBJC_ROOT_CLASS = YES_ERROR;
				CLANG_WARN_QUOTED_INCLUDE_IN_FRAMEWORK_HEADER = YES;
				CLANG_WARN_RANGE_LOOP_ANALYSIS = YES;
				CLANG_WARN_STRICT_PROTOTYPES = YES;
				CLANG_WARN_SUSPICIOUS_MOVE = YES;
				CLANG_WARN_UNGUARDED_AVAILABILITY = YES_AGGRESSIVE;
				CLANG_WARN_UNREACHABLE_CODE = YES;
				CLANG_WARN__DUPLICATE_METHOD_MATCH = YES;
				COPY_PHASE_STRIP = NO;
				DEBUG_INFORMATION_FORMAT = dwarf;
				ENABLE_STRICT_OBJC_MSGSEND = YES;
				ENABLE_TESTABILITY = YES;
				GCC_C_LANGUAGE_STANDARD = gnu11;
				GCC_DYNAMIC_NO_PIC = NO;
				GCC_NO_COMMON_BLOCKS = YES;
				GCC_OPTIMIZATION_LEVEL = 0;
				GCC_PREPROCESSOR_DEFINITIONS = (
					"DEBUG=1",
					"$(inherited)",
				);
				GCC_WARN_64_TO_32_BIT_CONVERSION = YES;
				GCC_WARN_ABOUT_RETURN_TYPE = YES_ERROR;
				GCC_WARN_UNDECLARED_SELECTOR = YES;
				GCC_WARN_UNINITIALIZED_AUTOS = YES_AGGRESSIVE;
				GCC_WARN_UNUSED_FUNCTION = YES;
				GCC_WARN_UNUSED_VARIABLE = YES;
				IPHONEOS_DEPLOYMENT_TARGET = 15.5;
				MTL_ENABLE_DEBUG_INFO = INCLUDE_SOURCE;
				MTL_FAST_MATH = YES;
				ONLY_ACTIVE_ARCH = YES;
				SDKROOT = iphoneos;
				SWIFT_ACTIVE_COMPILATION_CONDITIONS = DEBUG;
				SWIFT_OPTIMIZATION_LEVEL = "-Onone";
			};
			name = Debug;
		};
		F48E0C7C2A27887D00991305 /* Release */ = {
			isa = XCBuildConfiguration;
			buildSettings = {
				ALWAYS_SEARCH_USER_PATHS = NO;
				CLANG_ANALYZER_NONNULL = YES;
				CLANG_ANALYZER_NUMBER_OBJECT_CONVERSION = YES_AGGRESSIVE;
				CLANG_CXX_LANGUAGE_STANDARD = "gnu++17";
				CLANG_ENABLE_MODULES = YES;
				CLANG_ENABLE_OBJC_ARC = YES;
				CLANG_ENABLE_OBJC_WEAK = YES;
				CLANG_WARN_BLOCK_CAPTURE_AUTORELEASING = YES;
				CLANG_WARN_BOOL_CONVERSION = YES;
				CLANG_WARN_COMMA = YES;
				CLANG_WARN_CONSTANT_CONVERSION = YES;
				CLANG_WARN_DEPRECATED_OBJC_IMPLEMENTATIONS = YES;
				CLANG_WARN_DIRECT_OBJC_ISA_USAGE = YES_ERROR;
				CLANG_WARN_DOCUMENTATION_COMMENTS = YES;
				CLANG_WARN_EMPTY_BODY = YES;
				CLANG_WARN_ENUM_CONVERSION = YES;
				CLANG_WARN_INFINITE_RECURSION = YES;
				CLANG_WARN_INT_CONVERSION = YES;
				CLANG_WARN_NON_LITERAL_NULL_CONVERSION = YES;
				CLANG_WARN_OBJC_IMPLICIT_RETAIN_SELF = YES;
				CLANG_WARN_OBJC_LITERAL_CONVERSION = YES;
				CLANG_WARN_OBJC_ROOT_CLASS = YES_ERROR;
				CLANG_WARN_QUOTED_INCLUDE_IN_FRAMEWORK_HEADER = YES;
				CLANG_WARN_RANGE_LOOP_ANALYSIS = YES;
				CLANG_WARN_STRICT_PROTOTYPES = YES;
				CLANG_WARN_SUSPICIOUS_MOVE = YES;
				CLANG_WARN_UNGUARDED_AVAILABILITY = YES_AGGRESSIVE;
				CLANG_WARN_UNREACHABLE_CODE = YES;
				CLANG_WARN__DUPLICATE_METHOD_MATCH = YES;
				COPY_PHASE_STRIP = NO;
				DEBUG_INFORMATION_FORMAT = "dwarf-with-dsym";
				ENABLE_NS_ASSERTIONS = NO;
				ENABLE_STRICT_OBJC_MSGSEND = YES;
				GCC_C_LANGUAGE_STANDARD = gnu11;
				GCC_NO_COMMON_BLOCKS = YES;
				GCC_WARN_64_TO_32_BIT_CONVERSION = YES;
				GCC_WARN_ABOUT_RETURN_TYPE = YES_ERROR;
				GCC_WARN_UNDECLARED_SELECTOR = YES;
				GCC_WARN_UNINITIALIZED_AUTOS = YES_AGGRESSIVE;
				GCC_WARN_UNUSED_FUNCTION = YES;
				GCC_WARN_UNUSED_VARIABLE = YES;
				IPHONEOS_DEPLOYMENT_TARGET = 15.5;
				MTL_ENABLE_DEBUG_INFO = NO;
				MTL_FAST_MATH = YES;
				SDKROOT = iphoneos;
				SWIFT_COMPILATION_MODE = wholemodule;
				SWIFT_OPTIMIZATION_LEVEL = "-O";
				VALIDATE_PRODUCT = YES;
			};
			name = Release;
		};
		F48E0C7E2A27887D00991305 /* Debug */ = {
			isa = XCBuildConfiguration;
			baseConfigurationReference = FEE79CF6B7091C5C529D2203 /* Pods-VargasSnapchat.debug.xcconfig */;
			buildSettings = {
				ASSETCATALOG_COMPILER_APPICON_NAME = AppIcon;
				ASSETCATALOG_COMPILER_GLOBAL_ACCENT_COLOR_NAME = AccentColor;
				CODE_SIGN_STYLE = Automatic;
				CURRENT_PROJECT_VERSION = 1;
				GENERATE_INFOPLIST_FILE = YES;
				INFOPLIST_FILE = VargasSnapchat/Info.plist;
				INFOPLIST_KEY_UIApplicationSupportsIndirectInputEvents = YES;
				INFOPLIST_KEY_UILaunchStoryboardName = LaunchScreen;
				INFOPLIST_KEY_UIMainStoryboardFile = Main;
				INFOPLIST_KEY_UISupportedInterfaceOrientations_iPad = "UIInterfaceOrientationPortrait UIInterfaceOrientationPortraitUpsideDown UIInterfaceOrientationLandscapeLeft UIInterfaceOrientationLandscapeRight";
				INFOPLIST_KEY_UISupportedInterfaceOrientations_iPhone = "UIInterfaceOrientationPortrait UIInterfaceOrientationLandscapeLeft UIInterfaceOrientationLandscapeRight";
				LD_RUNPATH_SEARCH_PATHS = (
					"$(inherited)",
					"@executable_path/Frameworks",
				);
				MARKETING_VERSION = 1.0;
				PRODUCT_BUNDLE_IDENTIFIER = deah.com.VargasSnapchat;
				PRODUCT_NAME = "$(TARGET_NAME)";
				SWIFT_EMIT_LOC_STRINGS = YES;
				SWIFT_VERSION = 5.0;
				TARGETED_DEVICE_FAMILY = "1,2";
			};
			name = Debug;
		};
		F48E0C7F2A27887D00991305 /* Release */ = {
			isa = XCBuildConfiguration;
			baseConfigurationReference = ADC3C6C05CFDFAA4166E9CEF /* Pods-VargasSnapchat.release.xcconfig */;
			buildSettings = {
				ASSETCATALOG_COMPILER_APPICON_NAME = AppIcon;
				ASSETCATALOG_COMPILER_GLOBAL_ACCENT_COLOR_NAME = AccentColor;
				CODE_SIGN_STYLE = Automatic;
				CURRENT_PROJECT_VERSION = 1;
				GENERATE_INFOPLIST_FILE = YES;
				INFOPLIST_FILE = VargasSnapchat/Info.plist;
				INFOPLIST_KEY_UIApplicationSupportsIndirectInputEvents = YES;
				INFOPLIST_KEY_UILaunchStoryboardName = LaunchScreen;
				INFOPLIST_KEY_UIMainStoryboardFile = Main;
				INFOPLIST_KEY_UISupportedInterfaceOrientations_iPad = "UIInterfaceOrientationPortrait UIInterfaceOrientationPortraitUpsideDown UIInterfaceOrientationLandscapeLeft UIInterfaceOrientationLandscapeRight";
				INFOPLIST_KEY_UISupportedInterfaceOrientations_iPhone = "UIInterfaceOrientationPortrait UIInterfaceOrientationLandscapeLeft UIInterfaceOrientationLandscapeRight";
				LD_RUNPATH_SEARCH_PATHS = (
					"$(inherited)",
					"@executable_path/Frameworks",
				);
				MARKETING_VERSION = 1.0;
				PRODUCT_BUNDLE_IDENTIFIER = deah.com.VargasSnapchat;
				PRODUCT_NAME = "$(TARGET_NAME)";
				SWIFT_EMIT_LOC_STRINGS = YES;
				SWIFT_VERSION = 5.0;
				TARGETED_DEVICE_FAMILY = "1,2";
			};
			name = Release;
		};
/* End XCBuildConfiguration section */

/* Begin XCConfigurationList section */
		F48E0C642A27887800991305 /* Build configuration list for PBXProject "VargasSnapchat" */ = {
			isa = XCConfigurationList;
			buildConfigurations = (
				F48E0C7B2A27887D00991305 /* Debug */,
				F48E0C7C2A27887D00991305 /* Release */,
			);
			defaultConfigurationIsVisible = 0;
			defaultConfigurationName = Release;
		};
		F48E0C7D2A27887D00991305 /* Build configuration list for PBXNativeTarget "VargasSnapchat" */ = {
			isa = XCConfigurationList;
			buildConfigurations = (
				F48E0C7E2A27887D00991305 /* Debug */,
				F48E0C7F2A27887D00991305 /* Release */,
			);
			defaultConfigurationIsVisible = 0;
			defaultConfigurationName = Release;
		};
/* End XCConfigurationList section */
	};
	rootObject = F48E0C612A27887800991305 /* Project object */;
}
